
Microsoft Visual Studio Solution File, Format Version 12.00
# Visual Studio Version 16
VisualStudioVersion = 16.0.30413.136
MinimumVisualStudioVersion = 10.0.40219.1
Project("{888888A0-9F3D-457C-B088-3A5042F75D52}") = "mysite2", "mysite2\mysite2.pyproj", "{324DBEE6-9066-4EC0-B36D-53CA23F42561}"
EndProject
Global
	GlobalSection(SolutionConfigurationPlatforms) = preSolution
		Debug|Any CPU = Debug|Any CPU
		Release|Any CPU = Release|Any CPU
	EndGlobalSection
	GlobalSection(ProjectConfigurationPlatforms) = postSolution
		{324DBEE6-9066-4EC0-B36D-53CA23F42561}.Debug|Any CPU.ActiveCfg = Debug|Any CPU
		{324DBEE6-9066-4EC0-B36D-53CA23F42561}.Debug|Any CPU.Build.0 = Debug|Any CPU
		{324DBEE6-9066-4EC0-B36D-53CA23F42561}.Release|Any CPU.ActiveCfg = Release|Any CPU
		{324DBEE6-9066-4EC0-B36D-53CA23F42561}.Release|Any CPU.Build.0 = Release|Any CPU
	EndGlobalSection
	GlobalSection(SolutionProperties) = preSolution
		HideSolutionNode = FALSE
	EndGlobalSection
	GlobalSection(ExtensibilityGlobals) = postSolution
		SolutionGuid = {0EA4086B-572C-43C2-8F0F-A5AA08472ACE}
	EndGlobalSection
EndGlobal
